
Microsoft Visual Studio Solution File, Format Version 12.00
# Visual Studio Version 16
VisualStudioVersion = 16.0.30114.105
MinimumVisualStudioVersion = 10.0.40219.1
Project("{FAE04EC0-301F-11D3-BF4B-00C04F79EFBC}") = "newTeleBot", "newTeleBot\newTeleBot.csproj", "{D7EC3D39-5D4E-4A65-BFCB-7491421A42E2}"
EndProject
Global
	GlobalSection(SolutionConfigurationPlatforms) = preSolution
		Debug|Any CPU = Debug|Any CPU
		Release|Any CPU = Release|Any CPU
	EndGlobalSection
	GlobalSection(ProjectConfigurationPlatforms) = postSolution
		{D7EC3D39-5D4E-4A65-BFCB-7491421A42E2}.Debug|Any CPU.ActiveCfg = Debug|Any CPU
		{D7EC3D39-5D4E-4A65-BFCB-7491421A42E2}.Debug|Any CPU.Build.0 = Debug|Any CPU
		{D7EC3D39-5D4E-4A65-BFCB-7491421A42E2}.Release|Any CPU.ActiveCfg = Release|Any CPU
		{D7EC3D39-5D4E-4A65-BFCB-7491421A42E2}.Release|Any CPU.Build.0 = Release|Any CPU
	EndGlobalSection
	GlobalSection(SolutionProperties) = preSolution
		HideSolutionNode = FALSE
	EndGlobalSection
	GlobalSection(ExtensibilityGlobals) = postSolution
		SolutionGuid = {D58BAF36-CB6B-401D-8267-74BCCED46720}
	EndGlobalSection
EndGlobal
